
Microsoft Visual Studio Solution File, Format Version 12.00
# Visual Studio Version 16
VisualStudioVersion = 16.0.32126.315
MinimumVisualStudioVersion = 10.0.40219.1
Project("{FAE04EC0-301F-11D3-BF4B-00C04F79EFBC}") = "BisinessLogic", "BisinessLogic\BisinessLogic.csproj", "{8E84FC76-BE08-4F89-BFCA-68DDD22299BE}"
EndProject
Project("{FAE04EC0-301F-11D3-BF4B-00C04F79EFBC}") = "DatabaseImplements", "DatabaseImplements\DatabaseImplements.csproj", "{F85C941E-23A1-47B7-9F59-A6F6E29C15D7}"
EndProject
Project("{FAE04EC0-301F-11D3-BF4B-00C04F79EFBC}") = "View", "View\View.csproj", "{39F0E563-465C-489D-BAF5-8A7B915A900D}"
EndProject
Global
	GlobalSection(SolutionConfigurationPlatforms) = preSolution
		Debug|Any CPU = Debug|Any CPU
		Release|Any CPU = Release|Any CPU
	EndGlobalSection
	GlobalSection(ProjectConfigurationPlatforms) = postSolution
		{8E84FC76-BE08-4F89-BFCA-68DDD22299BE}.Debug|Any CPU.ActiveCfg = Debug|Any CPU
		{8E84FC76-BE08-4F89-BFCA-68DDD22299BE}.Debug|Any CPU.Build.0 = Debug|Any CPU
		{8E84FC76-BE08-4F89-BFCA-68DDD22299BE}.Release|Any CPU.ActiveCfg = Release|Any CPU
		{8E84FC76-BE08-4F89-BFCA-68DDD22299BE}.Release|Any CPU.Build.0 = Release|Any CPU
		{F85C941E-23A1-47B7-9F59-A6F6E29C15D7}.Debug|Any CPU.ActiveCfg = Debug|Any CPU
		{F85C941E-23A1-47B7-9F59-A6F6E29C15D7}.Debug|Any CPU.Build.0 = Debug|Any CPU
		{F85C941E-23A1-47B7-9F59-A6F6E29C15D7}.Release|Any CPU.ActiveCfg = Release|Any CPU
		{F85C941E-23A1-47B7-9F59-A6F6E29C15D7}.Release|Any CPU.Build.0 = Release|Any CPU
		{39F0E563-465C-489D-BAF5-8A7B915A900D}.Debug|Any CPU.ActiveCfg = Debug|Any CPU
		{39F0E563-465C-489D-BAF5-8A7B915A900D}.Debug|Any CPU.Build.0 = Debug|Any CPU
		{39F0E563-465C-489D-BAF5-8A7B915A900D}.Release|Any CPU.ActiveCfg = Release|Any CPU
		{39F0E563-465C-489D-BAF5-8A7B915A900D}.Release|Any CPU.Build.0 = Release|Any CPU
	EndGlobalSection
	GlobalSection(SolutionProperties) = preSolution
		HideSolutionNode = FALSE
	EndGlobalSection
	GlobalSection(ExtensibilityGlobals) = postSolution
		SolutionGuid = {B004E7CE-71A7-402C-AB49-4F92FE2A26F0}
	EndGlobalSection
EndGlobal
